
Microsoft Visual Studio Solution File, Format Version 12.00
# Visual Studio Version 16
VisualStudioVersion = 16.0.30011.22
MinimumVisualStudioVersion = 10.0.40219.1
Project("{FAE04EC0-301F-11D3-BF4B-00C04F79EFBC}") = "проект", "проект\проект.csproj", "{56D742C0-57E2-4C5E-9EB9-33A9A1B481D0}"
EndProject
Global
	GlobalSection(SolutionConfigurationPlatforms) = preSolution
		Debug|Any CPU = Debug|Any CPU
		Release|Any CPU = Release|Any CPU
	EndGlobalSection
	GlobalSection(ProjectConfigurationPlatforms) = postSolution
		{56D742C0-57E2-4C5E-9EB9-33A9A1B481D0}.Debug|Any CPU.ActiveCfg = Debug|Any CPU
		{56D742C0-57E2-4C5E-9EB9-33A9A1B481D0}.Debug|Any CPU.Build.0 = Debug|Any CPU
		{56D742C0-57E2-4C5E-9EB9-33A9A1B481D0}.Release|Any CPU.ActiveCfg = Release|Any CPU
		{56D742C0-57E2-4C5E-9EB9-33A9A1B481D0}.Release|Any CPU.Build.0 = Release|Any CPU
	EndGlobalSection
	GlobalSection(SolutionProperties) = preSolution
		HideSolutionNode = FALSE
	EndGlobalSection
	GlobalSection(ExtensibilityGlobals) = postSolution
		SolutionGuid = {EA254A86-7FE4-4A11-9AFD-BF38AE200DD1}
	EndGlobalSection
EndGlobal
